
Microsoft Visual Studio Solution File, Format Version 12.00
# Visual Studio 15
VisualStudioVersion = 15.0.27703.2035
MinimumVisualStudioVersion = 10.0.40219.1
Project("{FAE04EC0-301F-11D3-BF4B-00C04F79EFBC}") = "MiWS", "MiWS\MiWS.csproj", "{65C5C190-6D49-469E-BF04-C6DD0328870C}"
EndProject
Project("{FAE04EC0-301F-11D3-BF4B-00C04F79EFBC}") = "ClienteWS", "ClienteWS\ClienteWS.csproj", "{9EAB287B-D503-45CE-9100-A619DB5D3072}"
	ProjectSection(ProjectDependencies) = postProject
		{65C5C190-6D49-469E-BF04-C6DD0328870C} = {65C5C190-6D49-469E-BF04-C6DD0328870C}
	EndProjectSection
EndProject
Global
	GlobalSection(SolutionConfigurationPlatforms) = preSolution
		Debug|Any CPU = Debug|Any CPU
		Release|Any CPU = Release|Any CPU
	EndGlobalSection
	GlobalSection(ProjectConfigurationPlatforms) = postSolution
		{65C5C190-6D49-469E-BF04-C6DD0328870C}.Debug|Any CPU.ActiveCfg = Debug|Any CPU
		{65C5C190-6D49-469E-BF04-C6DD0328870C}.Debug|Any CPU.Build.0 = Debug|Any CPU
		{65C5C190-6D49-469E-BF04-C6DD0328870C}.Release|Any CPU.ActiveCfg = Release|Any CPU
		{65C5C190-6D49-469E-BF04-C6DD0328870C}.Release|Any CPU.Build.0 = Release|Any CPU
		{9EAB287B-D503-45CE-9100-A619DB5D3072}.Debug|Any CPU.ActiveCfg = Debug|Any CPU
		{9EAB287B-D503-45CE-9100-A619DB5D3072}.Debug|Any CPU.Build.0 = Debug|Any CPU
		{9EAB287B-D503-45CE-9100-A619DB5D3072}.Release|Any CPU.ActiveCfg = Release|Any CPU
		{9EAB287B-D503-45CE-9100-A619DB5D3072}.Release|Any CPU.Build.0 = Release|Any CPU
	EndGlobalSection
	GlobalSection(SolutionProperties) = preSolution
		HideSolutionNode = FALSE
	EndGlobalSection
	GlobalSection(ExtensibilityGlobals) = postSolution
		SolutionGuid = {17FF0820-E9CE-4284-8B5D-EBDDE20AD327}
	EndGlobalSection
EndGlobal
